# THIS IS AN AUTOGENERATED FILE. DO NOT EDIT THIS FILE DIRECTLY.
# yarn lockfile v1


"@prisma/client@^5.20.0":
  version "5.20.0"
  resolved "https://registry.yarnpkg.com/@prisma/client/-/client-5.20.0.tgz#4fc9f2b2341c9c997c139df4445688dd6b39663b"
  integrity sha512-CLv55ZuMuUawMsxoqxGtLT3bEZoa2W8L3Qnp6rDIFWy+ZBrUcOFKdoeGPSnbBqxc3SkdxJrF+D1veN/WNynZYA==

"@prisma/debug@5.20.0":
  version "5.20.0"
  resolved "https://registry.yarnpkg.com/@prisma/debug/-/debug-5.20.0.tgz#c6d1cf6e3c6e9dba150347f13ca200b1d66cc9fc"
  integrity sha512-oCx79MJ4HSujokA8S1g0xgZUGybD4SyIOydoHMngFYiwEwYDQ5tBQkK5XoEHuwOYDKUOKRn/J0MEymckc4IgsQ==

"@prisma/engines-version@5.20.0-12.06fc58a368dc7be9fbbbe894adf8d445d208c284":
  version "5.20.0-12.06fc58a368dc7be9fbbbe894adf8d445d208c284"
  resolved "https://registry.yarnpkg.com/@prisma/engines-version/-/engines-version-5.20.0-12.06fc58a368dc7be9fbbbe894adf8d445d208c284.tgz#9a53b13cdcfd706ae54198111000f33c63655c39"
  integrity sha512-Lg8AS5lpi0auZe2Mn4gjuCg081UZf88k3cn0RCwHgR+6cyHHpttPZBElJTHf83ZGsRNAmVCZCfUGA57WB4u4JA==

"@prisma/engines@5.20.0":
  version "5.20.0"
  resolved "https://registry.yarnpkg.com/@prisma/engines/-/engines-5.20.0.tgz#86fe407e55219d33d03ebc26dc829a422faed545"
  integrity sha512-DtqkP+hcZvPEbj8t8dK5df2b7d3B8GNauKqaddRRqQBBlgkbdhJkxhoJTrOowlS3vaRt2iMCkU0+CSNn0KhqAQ==
  dependencies:
    "@prisma/debug" "5.20.0"
    "@prisma/engines-version" "5.20.0-12.06fc58a368dc7be9fbbbe894adf8d445d208c284"
    "@prisma/fetch-engine" "5.20.0"
    "@prisma/get-platform" "5.20.0"

"@prisma/fetch-engine@5.20.0":
  version "5.20.0"
  resolved "https://registry.yarnpkg.com/@prisma/fetch-engine/-/fetch-engine-5.20.0.tgz#b917880fb08f654981f14ca49923031b39683586"
  integrity sha512-JVcaPXC940wOGpCOwuqQRTz6I9SaBK0c1BAyC1pcz9xBi+dzFgUu3G/p9GV1FhFs9OKpfSpIhQfUJE9y00zhqw==
  dependencies:
    "@prisma/debug" "5.20.0"
    "@prisma/engines-version" "5.20.0-12.06fc58a368dc7be9fbbbe894adf8d445d208c284"
    "@prisma/get-platform" "5.20.0"

"@prisma/get-platform@5.20.0":
  version "5.20.0"
  resolved "https://registry.yarnpkg.com/@prisma/get-platform/-/get-platform-5.20.0.tgz#c1a53a8d8af67f2b4a6b97dd4d25b1c603236804"
  integrity sha512-8/+CehTZZNzJlvuryRgc77hZCWrUDYd/PmlZ7p2yNXtmf2Una4BWnTbak3us6WVdqoz5wmptk6IhsXdG2v5fmA==
  dependencies:
    "@prisma/debug" "5.20.0"

fsevents@2.3.3:
  version "2.3.3"
  resolved "https://registry.yarnpkg.com/fsevents/-/fsevents-2.3.3.tgz#cac6407785d03675a2a5e1a5305c697b347d90d6"
  integrity sha512-5xoDfX+fL7faATnagmWPpbFtwh/R77WmMMqqHGS65C3vvB0YHrgF+B1YmZ3441tMj5n63k0212XNoJwzlhffQw==

prisma@^5.20.0:
  version "5.20.0"
  resolved "https://registry.yarnpkg.com/prisma/-/prisma-5.20.0.tgz#f2ab266a0d59383506886e7acbff0dbf322f4c7e"
  integrity sha512-6obb3ucKgAnsGS9x9gLOe8qa51XxvJ3vLQtmyf52CTey1Qcez3A6W6ROH5HIz5Q5bW+0VpmZb8WBohieMFGpig==
  dependencies:
    "@prisma/engines" "5.20.0"
  optionalDependencies:
    fsevents "2.3.3"
